
Microsoft Visual Studio Solution File, Format Version 12.00
# Visual Studio 15
VisualStudioVersion = 15.0.28307.421
MinimumVisualStudioVersion = 10.0.40219.1
Project("{FAE04EC0-301F-11D3-BF4B-00C04F79EFBC}") = "Exercise02Practice", "Exercise02Practice\Exercise02Practice.csproj", "{7281F510-A415-4A56-81D1-42CD398498E2}"
EndProject
Project("{FAE04EC0-301F-11D3-BF4B-00C04F79EFBC}") = "Exercise02Task01", "Exercise02Task01\Exercise02Task01.csproj", "{A530B4B7-E608-447F-880B-FB4ABF8D06A2}"
EndProject
Project("{FAE04EC0-301F-11D3-BF4B-00C04F79EFBC}") = "Exercise02Task02", "Exercise02Task02\Exercise02Task02.csproj", "{D44C13AE-963F-4530-92A3-C012EBC474ED}"
EndProject
Project("{FAE04EC0-301F-11D3-BF4B-00C04F79EFBC}") = "Utils", "Utils\Utils.csproj", "{E6FACE8C-3CA5-46C7-94EF-04DB774A6946}"
EndProject
Project("{FAE04EC0-301F-11D3-BF4B-00C04F79EFBC}") = "BaseLib", "BaseLib\BaseLib.csproj", "{9473849A-3B4E-49C8-943D-9AC8102F8848}"
EndProject
Global
	GlobalSection(SolutionConfigurationPlatforms) = preSolution
		Debug|Any CPU = Debug|Any CPU
		Release|Any CPU = Release|Any CPU
	EndGlobalSection
	GlobalSection(ProjectConfigurationPlatforms) = postSolution
		{7281F510-A415-4A56-81D1-42CD398498E2}.Debug|Any CPU.ActiveCfg = Debug|Any CPU
		{7281F510-A415-4A56-81D1-42CD398498E2}.Debug|Any CPU.Build.0 = Debug|Any CPU
		{7281F510-A415-4A56-81D1-42CD398498E2}.Release|Any CPU.ActiveCfg = Release|Any CPU
		{7281F510-A415-4A56-81D1-42CD398498E2}.Release|Any CPU.Build.0 = Release|Any CPU
		{A530B4B7-E608-447F-880B-FB4ABF8D06A2}.Debug|Any CPU.ActiveCfg = Debug|Any CPU
		{A530B4B7-E608-447F-880B-FB4ABF8D06A2}.Debug|Any CPU.Build.0 = Debug|Any CPU
		{A530B4B7-E608-447F-880B-FB4ABF8D06A2}.Release|Any CPU.ActiveCfg = Release|Any CPU
		{A530B4B7-E608-447F-880B-FB4ABF8D06A2}.Release|Any CPU.Build.0 = Release|Any CPU
		{D44C13AE-963F-4530-92A3-C012EBC474ED}.Debug|Any CPU.ActiveCfg = Debug|Any CPU
		{D44C13AE-963F-4530-92A3-C012EBC474ED}.Debug|Any CPU.Build.0 = Debug|Any CPU
		{D44C13AE-963F-4530-92A3-C012EBC474ED}.Release|Any CPU.ActiveCfg = Release|Any CPU
		{D44C13AE-963F-4530-92A3-C012EBC474ED}.Release|Any CPU.Build.0 = Release|Any CPU
		{E6FACE8C-3CA5-46C7-94EF-04DB774A6946}.Debug|Any CPU.ActiveCfg = Debug|Any CPU
		{E6FACE8C-3CA5-46C7-94EF-04DB774A6946}.Debug|Any CPU.Build.0 = Debug|Any CPU
		{E6FACE8C-3CA5-46C7-94EF-04DB774A6946}.Release|Any CPU.ActiveCfg = Release|Any CPU
		{E6FACE8C-3CA5-46C7-94EF-04DB774A6946}.Release|Any CPU.Build.0 = Release|Any CPU
		{9473849A-3B4E-49C8-943D-9AC8102F8848}.Debug|Any CPU.ActiveCfg = Debug|Any CPU
		{9473849A-3B4E-49C8-943D-9AC8102F8848}.Debug|Any CPU.Build.0 = Debug|Any CPU
		{9473849A-3B4E-49C8-943D-9AC8102F8848}.Release|Any CPU.ActiveCfg = Release|Any CPU
		{9473849A-3B4E-49C8-943D-9AC8102F8848}.Release|Any CPU.Build.0 = Release|Any CPU
	EndGlobalSection
	GlobalSection(SolutionProperties) = preSolution
		HideSolutionNode = FALSE
	EndGlobalSection
	GlobalSection(ExtensibilityGlobals) = postSolution
		SolutionGuid = {43F6F64E-9469-48AE-94EC-F9E3A430E06C}
	EndGlobalSection
EndGlobal
