
Microsoft Visual Studio Solution File, Format Version 12.00
# Visual Studio 15
VisualStudioVersion = 15.0.28307.438
MinimumVisualStudioVersion = 10.0.40219.1
Project("{FAE04EC0-301F-11D3-BF4B-00C04F79EFBC}") = "Exercise06Task01", "Exercise06Task01\Exercise06Task01.csproj", "{A1224349-34BC-4CF2-A2B1-0C19AC90E074}"
EndProject
Global
	GlobalSection(SolutionConfigurationPlatforms) = preSolution
		Debug|Any CPU = Debug|Any CPU
		Release|Any CPU = Release|Any CPU
	EndGlobalSection
	GlobalSection(ProjectConfigurationPlatforms) = postSolution
		{A1224349-34BC-4CF2-A2B1-0C19AC90E074}.Debug|Any CPU.ActiveCfg = Debug|Any CPU
		{A1224349-34BC-4CF2-A2B1-0C19AC90E074}.Debug|Any CPU.Build.0 = Debug|Any CPU
		{A1224349-34BC-4CF2-A2B1-0C19AC90E074}.Release|Any CPU.ActiveCfg = Release|Any CPU
		{A1224349-34BC-4CF2-A2B1-0C19AC90E074}.Release|Any CPU.Build.0 = Release|Any CPU
	EndGlobalSection
	GlobalSection(SolutionProperties) = preSolution
		HideSolutionNode = FALSE
	EndGlobalSection
	GlobalSection(ExtensibilityGlobals) = postSolution
		SolutionGuid = {5F3D2845-18DE-46CB-A00B-F2A853390C33}
	EndGlobalSection
EndGlobal
