
Microsoft Visual Studio Solution File, Format Version 12.00
# Visual Studio 15
VisualStudioVersion = 15.0.27004.2009
MinimumVisualStudioVersion = 10.0.40219.1
Project("{FAE04EC0-301F-11D3-BF4B-00C04F79EFBC}") = "Exercise01Practice", "Exercise01Practice\Exercise01Practice.csproj", "{9F232D81-D3F5-4B3D-8CC5-6AE085669A4F}"
EndProject
Project("{FAE04EC0-301F-11D3-BF4B-00C04F79EFBC}") = "Exercise01Task01", "Exercise01Task01\Exercise01Task01.csproj", "{B0B9DFDF-9464-4856-BB86-B03C15B044DB}"
EndProject
Project("{FAE04EC0-301F-11D3-BF4B-00C04F79EFBC}") = "Exercise01Task02", "Exercise01Task02\Exercise01Task02.csproj", "{392C6A14-2A70-499A-BBDD-CAFA3BF1BFF6}"
EndProject
Project("{FAE04EC0-301F-11D3-BF4B-00C04F79EFBC}") = "Exercise01Task03", "Exercise01Task03\Exercise01Task03.csproj", "{8D3368D3-4CBB-4669-8C3A-3C1C839DD89F}"
EndProject
Project("{FAE04EC0-301F-11D3-BF4B-00C04F79EFBC}") = "Exercise01Task04", "Exercise01Task04\Exercise01Task04.csproj", "{ACACC533-38D1-486D-9DB7-69593B472FE0}"
EndProject
Global
	GlobalSection(SolutionConfigurationPlatforms) = preSolution
		Debug|Any CPU = Debug|Any CPU
		Release|Any CPU = Release|Any CPU
	EndGlobalSection
	GlobalSection(ProjectConfigurationPlatforms) = postSolution
		{9F232D81-D3F5-4B3D-8CC5-6AE085669A4F}.Debug|Any CPU.ActiveCfg = Debug|Any CPU
		{9F232D81-D3F5-4B3D-8CC5-6AE085669A4F}.Debug|Any CPU.Build.0 = Debug|Any CPU
		{9F232D81-D3F5-4B3D-8CC5-6AE085669A4F}.Release|Any CPU.ActiveCfg = Release|Any CPU
		{9F232D81-D3F5-4B3D-8CC5-6AE085669A4F}.Release|Any CPU.Build.0 = Release|Any CPU
		{B0B9DFDF-9464-4856-BB86-B03C15B044DB}.Debug|Any CPU.ActiveCfg = Debug|Any CPU
		{B0B9DFDF-9464-4856-BB86-B03C15B044DB}.Debug|Any CPU.Build.0 = Debug|Any CPU
		{B0B9DFDF-9464-4856-BB86-B03C15B044DB}.Release|Any CPU.ActiveCfg = Release|Any CPU
		{B0B9DFDF-9464-4856-BB86-B03C15B044DB}.Release|Any CPU.Build.0 = Release|Any CPU
		{392C6A14-2A70-499A-BBDD-CAFA3BF1BFF6}.Debug|Any CPU.ActiveCfg = Debug|Any CPU
		{392C6A14-2A70-499A-BBDD-CAFA3BF1BFF6}.Debug|Any CPU.Build.0 = Debug|Any CPU
		{392C6A14-2A70-499A-BBDD-CAFA3BF1BFF6}.Release|Any CPU.ActiveCfg = Release|Any CPU
		{392C6A14-2A70-499A-BBDD-CAFA3BF1BFF6}.Release|Any CPU.Build.0 = Release|Any CPU
		{8D3368D3-4CBB-4669-8C3A-3C1C839DD89F}.Debug|Any CPU.ActiveCfg = Debug|Any CPU
		{8D3368D3-4CBB-4669-8C3A-3C1C839DD89F}.Debug|Any CPU.Build.0 = Debug|Any CPU
		{8D3368D3-4CBB-4669-8C3A-3C1C839DD89F}.Release|Any CPU.ActiveCfg = Release|Any CPU
		{8D3368D3-4CBB-4669-8C3A-3C1C839DD89F}.Release|Any CPU.Build.0 = Release|Any CPU
		{ACACC533-38D1-486D-9DB7-69593B472FE0}.Debug|Any CPU.ActiveCfg = Debug|Any CPU
		{ACACC533-38D1-486D-9DB7-69593B472FE0}.Debug|Any CPU.Build.0 = Debug|Any CPU
		{ACACC533-38D1-486D-9DB7-69593B472FE0}.Release|Any CPU.ActiveCfg = Release|Any CPU
		{ACACC533-38D1-486D-9DB7-69593B472FE0}.Release|Any CPU.Build.0 = Release|Any CPU
	EndGlobalSection
	GlobalSection(SolutionProperties) = preSolution
		HideSolutionNode = FALSE
	EndGlobalSection
	GlobalSection(ExtensibilityGlobals) = postSolution
		SolutionGuid = {7335D491-B52F-47AD-812D-CA1E55AF617E}
	EndGlobalSection
EndGlobal
