
Microsoft Visual Studio Solution File, Format Version 12.00
# Visual Studio 15
VisualStudioVersion = 15.0.28307.421
MinimumVisualStudioVersion = 10.0.40219.1
Project("{FAE04EC0-301F-11D3-BF4B-00C04F79EFBC}") = "ICSHP_cv_03", "ICSHP_cv_03\ICSHP_cv_03.csproj", "{9CF8D0C8-6636-43D7-A8F9-21B89BC51F7A}"
EndProject
Project("{FAE04EC0-301F-11D3-BF4B-00C04F79EFBC}") = "SamplesLibrary", "Utils\SamplesLibrary.csproj", "{0A365E76-6EA0-4733-A776-F7D8FAF4FF60}"
EndProject
Project("{FAE04EC0-301F-11D3-BF4B-00C04F79EFBC}") = "BaseLib", "..\ICSHP_cv_02\BaseLib\BaseLib.csproj", "{9473849A-3B4E-49C8-943D-9AC8102F8848}"
EndProject
Project("{FAE04EC0-301F-11D3-BF4B-00C04F79EFBC}") = "ICSHP_cv03_p_01_Delegat", "ICSHP_cv03_p_01\ICSHP_cv03_p_01_Delegat.csproj", "{A685EF75-7C61-45E5-BFE4-4F1D74409707}"
EndProject
Project("{FAE04EC0-301F-11D3-BF4B-00C04F79EFBC}") = "ICSHP_cv_03_p_02", "ICSHP_cv_03_p_02\ICSHP_cv_03_p_02.csproj", "{6EB4987C-00DB-4F2A-BBC1-CC1FECA444C7}"
EndProject
Global
	GlobalSection(SolutionConfigurationPlatforms) = preSolution
		Debug|Any CPU = Debug|Any CPU
		Release|Any CPU = Release|Any CPU
	EndGlobalSection
	GlobalSection(ProjectConfigurationPlatforms) = postSolution
		{9CF8D0C8-6636-43D7-A8F9-21B89BC51F7A}.Debug|Any CPU.ActiveCfg = Debug|Any CPU
		{9CF8D0C8-6636-43D7-A8F9-21B89BC51F7A}.Debug|Any CPU.Build.0 = Debug|Any CPU
		{9CF8D0C8-6636-43D7-A8F9-21B89BC51F7A}.Release|Any CPU.ActiveCfg = Release|Any CPU
		{9CF8D0C8-6636-43D7-A8F9-21B89BC51F7A}.Release|Any CPU.Build.0 = Release|Any CPU
		{0A365E76-6EA0-4733-A776-F7D8FAF4FF60}.Debug|Any CPU.ActiveCfg = Debug|Any CPU
		{0A365E76-6EA0-4733-A776-F7D8FAF4FF60}.Debug|Any CPU.Build.0 = Debug|Any CPU
		{0A365E76-6EA0-4733-A776-F7D8FAF4FF60}.Release|Any CPU.ActiveCfg = Release|Any CPU
		{0A365E76-6EA0-4733-A776-F7D8FAF4FF60}.Release|Any CPU.Build.0 = Release|Any CPU
		{9473849A-3B4E-49C8-943D-9AC8102F8848}.Debug|Any CPU.ActiveCfg = Debug|Any CPU
		{9473849A-3B4E-49C8-943D-9AC8102F8848}.Debug|Any CPU.Build.0 = Debug|Any CPU
		{9473849A-3B4E-49C8-943D-9AC8102F8848}.Release|Any CPU.ActiveCfg = Release|Any CPU
		{9473849A-3B4E-49C8-943D-9AC8102F8848}.Release|Any CPU.Build.0 = Release|Any CPU
		{A685EF75-7C61-45E5-BFE4-4F1D74409707}.Debug|Any CPU.ActiveCfg = Debug|Any CPU
		{A685EF75-7C61-45E5-BFE4-4F1D74409707}.Debug|Any CPU.Build.0 = Debug|Any CPU
		{A685EF75-7C61-45E5-BFE4-4F1D74409707}.Release|Any CPU.ActiveCfg = Release|Any CPU
		{A685EF75-7C61-45E5-BFE4-4F1D74409707}.Release|Any CPU.Build.0 = Release|Any CPU
		{6EB4987C-00DB-4F2A-BBC1-CC1FECA444C7}.Debug|Any CPU.ActiveCfg = Debug|Any CPU
		{6EB4987C-00DB-4F2A-BBC1-CC1FECA444C7}.Debug|Any CPU.Build.0 = Debug|Any CPU
		{6EB4987C-00DB-4F2A-BBC1-CC1FECA444C7}.Release|Any CPU.ActiveCfg = Release|Any CPU
		{6EB4987C-00DB-4F2A-BBC1-CC1FECA444C7}.Release|Any CPU.Build.0 = Release|Any CPU
	EndGlobalSection
	GlobalSection(SolutionProperties) = preSolution
		HideSolutionNode = FALSE
	EndGlobalSection
	GlobalSection(ExtensibilityGlobals) = postSolution
		SolutionGuid = {54875959-8E10-4F8B-8955-3700AF03AF6E}
	EndGlobalSection
EndGlobal
