
Microsoft Visual Studio Solution File, Format Version 12.00
# Visual Studio 15
VisualStudioVersion = 15.0.28307.421
MinimumVisualStudioVersion = 10.0.40219.1
Project("{FAE04EC0-301F-11D3-BF4B-00C04F79EFBC}") = "ICSHP_cv_03", "ICSHP_cv_03\ICSHP_cv_03.csproj", "{9CF8D0C8-6636-43D7-A8F9-21B89BC51F7A}"
EndProject
Project("{FAE04EC0-301F-11D3-BF4B-00C04F79EFBC}") = "SamplesLibrary", "Utils\SamplesLibrary.csproj", "{0A365E76-6EA0-4733-A776-F7D8FAF4FF60}"
EndProject
Global
	GlobalSection(SolutionConfigurationPlatforms) = preSolution
		Debug|Any CPU = Debug|Any CPU
		Release|Any CPU = Release|Any CPU
	EndGlobalSection
	GlobalSection(ProjectConfigurationPlatforms) = postSolution
		{9CF8D0C8-6636-43D7-A8F9-21B89BC51F7A}.Debug|Any CPU.ActiveCfg = Debug|Any CPU
		{9CF8D0C8-6636-43D7-A8F9-21B89BC51F7A}.Debug|Any CPU.Build.0 = Debug|Any CPU
		{9CF8D0C8-6636-43D7-A8F9-21B89BC51F7A}.Release|Any CPU.ActiveCfg = Release|Any CPU
		{9CF8D0C8-6636-43D7-A8F9-21B89BC51F7A}.Release|Any CPU.Build.0 = Release|Any CPU
		{0A365E76-6EA0-4733-A776-F7D8FAF4FF60}.Debug|Any CPU.ActiveCfg = Debug|Any CPU
		{0A365E76-6EA0-4733-A776-F7D8FAF4FF60}.Debug|Any CPU.Build.0 = Debug|Any CPU
		{0A365E76-6EA0-4733-A776-F7D8FAF4FF60}.Release|Any CPU.ActiveCfg = Release|Any CPU
		{0A365E76-6EA0-4733-A776-F7D8FAF4FF60}.Release|Any CPU.Build.0 = Release|Any CPU
	EndGlobalSection
	GlobalSection(SolutionProperties) = preSolution
		HideSolutionNode = FALSE
	EndGlobalSection
	GlobalSection(ExtensibilityGlobals) = postSolution
		SolutionGuid = {54875959-8E10-4F8B-8955-3700AF03AF6E}
	EndGlobalSection
EndGlobal
