
Microsoft Visual Studio Solution File, Format Version 12.00
# Visual Studio 15
VisualStudioVersion = 15.0.28307.438
MinimumVisualStudioVersion = 10.0.40219.1
Project("{9A19103F-16F7-4668-BE54-9A1E7A4F7556}") = "MessagesLibrary", "MessagesLibrary\MessagesLibrary.csproj", "{DC10FDFE-6C5F-41AD-89D3-FC428B81AF42}"
EndProject
Project("{9A19103F-16F7-4668-BE54-9A1E7A4F7556}") = "MessagesLibrary.Test", "MessagesLibrary.Test\MessagesLibrary.Test.csproj", "{AD66F971-6237-4185-B06B-2039D8CC84DA}"
EndProject
Project("{FAE04EC0-301F-11D3-BF4B-00C04F79EFBC}") = "MessageLogger", "MessageLogger\MessageLogger.csproj", "{339AF095-1DB1-4344-BEE0-8D34EF470A40}"
EndProject
Project("{FAE04EC0-301F-11D3-BF4B-00C04F79EFBC}") = "Exercise04Task01", "Exercise04Task01\Exercise04Task01.csproj", "{D1ED63F5-D566-44C0-96B4-E3062020FCC3}"
EndProject
Global
	GlobalSection(SolutionConfigurationPlatforms) = preSolution
		Debug|Any CPU = Debug|Any CPU
		Release|Any CPU = Release|Any CPU
	EndGlobalSection
	GlobalSection(ProjectConfigurationPlatforms) = postSolution
		{DC10FDFE-6C5F-41AD-89D3-FC428B81AF42}.Debug|Any CPU.ActiveCfg = Debug|Any CPU
		{DC10FDFE-6C5F-41AD-89D3-FC428B81AF42}.Debug|Any CPU.Build.0 = Debug|Any CPU
		{DC10FDFE-6C5F-41AD-89D3-FC428B81AF42}.Release|Any CPU.ActiveCfg = Release|Any CPU
		{DC10FDFE-6C5F-41AD-89D3-FC428B81AF42}.Release|Any CPU.Build.0 = Release|Any CPU
		{AD66F971-6237-4185-B06B-2039D8CC84DA}.Debug|Any CPU.ActiveCfg = Debug|Any CPU
		{AD66F971-6237-4185-B06B-2039D8CC84DA}.Debug|Any CPU.Build.0 = Debug|Any CPU
		{AD66F971-6237-4185-B06B-2039D8CC84DA}.Release|Any CPU.ActiveCfg = Release|Any CPU
		{AD66F971-6237-4185-B06B-2039D8CC84DA}.Release|Any CPU.Build.0 = Release|Any CPU
		{339AF095-1DB1-4344-BEE0-8D34EF470A40}.Debug|Any CPU.ActiveCfg = Debug|Any CPU
		{339AF095-1DB1-4344-BEE0-8D34EF470A40}.Debug|Any CPU.Build.0 = Debug|Any CPU
		{339AF095-1DB1-4344-BEE0-8D34EF470A40}.Release|Any CPU.ActiveCfg = Release|Any CPU
		{339AF095-1DB1-4344-BEE0-8D34EF470A40}.Release|Any CPU.Build.0 = Release|Any CPU
		{D1ED63F5-D566-44C0-96B4-E3062020FCC3}.Debug|Any CPU.ActiveCfg = Debug|Any CPU
		{D1ED63F5-D566-44C0-96B4-E3062020FCC3}.Debug|Any CPU.Build.0 = Debug|Any CPU
		{D1ED63F5-D566-44C0-96B4-E3062020FCC3}.Release|Any CPU.ActiveCfg = Release|Any CPU
		{D1ED63F5-D566-44C0-96B4-E3062020FCC3}.Release|Any CPU.Build.0 = Release|Any CPU
	EndGlobalSection
	GlobalSection(SolutionProperties) = preSolution
		HideSolutionNode = FALSE
	EndGlobalSection
	GlobalSection(ExtensibilityGlobals) = postSolution
		SolutionGuid = {8123C9F6-D33A-483C-8CB6-A3F5E7DFFCFA}
	EndGlobalSection
EndGlobal
