
Microsoft Visual Studio Solution File, Format Version 12.00
# Visual Studio 15
VisualStudioVersion = 15.0.28307.438
MinimumVisualStudioVersion = 10.0.40219.1
Project("{FAE04EC0-301F-11D3-BF4B-00C04F79EFBC}") = "Excercise07", "Excercise07\Excercise07.csproj", "{BA012488-935C-4654-8E6D-A9FE3EE4BF1C}"
EndProject
Project("{FAE04EC0-301F-11D3-BF4B-00C04F79EFBC}") = "Excercise07.Tests", "Excercise07Tests\Excercise07.Tests.csproj", "{95A50069-7BE8-4F0E-94F7-8E64E5F2650B}"
EndProject
Global
	GlobalSection(SolutionConfigurationPlatforms) = preSolution
		Debug|Any CPU = Debug|Any CPU
		Release|Any CPU = Release|Any CPU
	EndGlobalSection
	GlobalSection(ProjectConfigurationPlatforms) = postSolution
		{BA012488-935C-4654-8E6D-A9FE3EE4BF1C}.Debug|Any CPU.ActiveCfg = Debug|Any CPU
		{BA012488-935C-4654-8E6D-A9FE3EE4BF1C}.Debug|Any CPU.Build.0 = Debug|Any CPU
		{BA012488-935C-4654-8E6D-A9FE3EE4BF1C}.Release|Any CPU.ActiveCfg = Release|Any CPU
		{BA012488-935C-4654-8E6D-A9FE3EE4BF1C}.Release|Any CPU.Build.0 = Release|Any CPU
		{95A50069-7BE8-4F0E-94F7-8E64E5F2650B}.Debug|Any CPU.ActiveCfg = Debug|Any CPU
		{95A50069-7BE8-4F0E-94F7-8E64E5F2650B}.Debug|Any CPU.Build.0 = Debug|Any CPU
		{95A50069-7BE8-4F0E-94F7-8E64E5F2650B}.Release|Any CPU.ActiveCfg = Release|Any CPU
		{95A50069-7BE8-4F0E-94F7-8E64E5F2650B}.Release|Any CPU.Build.0 = Release|Any CPU
	EndGlobalSection
	GlobalSection(SolutionProperties) = preSolution
		HideSolutionNode = FALSE
	EndGlobalSection
	GlobalSection(ExtensibilityGlobals) = postSolution
		SolutionGuid = {AA5FC183-0E83-4C63-ABBF-CD2DB4C6DC0F}
	EndGlobalSection
EndGlobal
